
Microsoft Visual Studio Solution File, Format Version 12.00
# Visual Studio 15
VisualStudioVersion = 15.0.28307.572
MinimumVisualStudioVersion = 10.0.40219.1
Project("{9A19103F-16F7-4668-BE54-9A1E7A4F7556}") = "MyCuscuzeriaWebAPI", "MyCuscuzeriaWebAPI\MyCuscuzeriaWebAPI.csproj", "{517AC484-CB3F-4D8B-88F4-C9A242A35F34}"
EndProject
Project("{FAE04EC0-301F-11D3-BF4B-00C04F79EFBC}") = "MyCuscuzeriaWeb", "MyCuscuzeriaWeb\MyCuscuzeriaWeb.csproj", "{413C2CFC-3D1F-464A-830D-5795CFF4DE9F}"
EndProject
Global
	GlobalSection(SolutionConfigurationPlatforms) = preSolution
		Debug|Any CPU = Debug|Any CPU
		Release|Any CPU = Release|Any CPU
	EndGlobalSection
	GlobalSection(ProjectConfigurationPlatforms) = postSolution
		{517AC484-CB3F-4D8B-88F4-C9A242A35F34}.Debug|Any CPU.ActiveCfg = Debug|Any CPU
		{517AC484-CB3F-4D8B-88F4-C9A242A35F34}.Debug|Any CPU.Build.0 = Debug|Any CPU
		{517AC484-CB3F-4D8B-88F4-C9A242A35F34}.Release|Any CPU.ActiveCfg = Release|Any CPU
		{517AC484-CB3F-4D8B-88F4-C9A242A35F34}.Release|Any CPU.Build.0 = Release|Any CPU
		{413C2CFC-3D1F-464A-830D-5795CFF4DE9F}.Debug|Any CPU.ActiveCfg = Debug|Any CPU
		{413C2CFC-3D1F-464A-830D-5795CFF4DE9F}.Debug|Any CPU.Build.0 = Debug|Any CPU
		{413C2CFC-3D1F-464A-830D-5795CFF4DE9F}.Release|Any CPU.ActiveCfg = Release|Any CPU
		{413C2CFC-3D1F-464A-830D-5795CFF4DE9F}.Release|Any CPU.Build.0 = Release|Any CPU
	EndGlobalSection
	GlobalSection(SolutionProperties) = preSolution
		HideSolutionNode = FALSE
	EndGlobalSection
	GlobalSection(ExtensibilityGlobals) = postSolution
		SolutionGuid = {91BFF543-9AE1-450C-B354-03DD076599E1}
	EndGlobalSection
EndGlobal
